
Microsoft Visual Studio Solution File, Format Version 12.00
# Visual Studio Version 17
VisualStudioVersion = 17.11.35312.102
MinimumVisualStudioVersion = 10.0.40219.1
Project("{8BC9CEB8-8B4A-11D0-8D11-00A0C91BC942}") = "Thread Safe Queue", "Thread Safe Queue\Thread Safe Queue.vcxproj", "{4E9DABC6-99F7-49A4-B936-1F0E50A753D6}"
EndProject
Global
	GlobalSection(SolutionConfigurationPlatforms) = preSolution
		Debug|x64 = Debug|x64
		Debug|x86 = Debug|x86
		Release|x64 = Release|x64
		Release|x86 = Release|x86
	EndGlobalSection
	GlobalSection(ProjectConfigurationPlatforms) = postSolution
		{4E9DABC6-99F7-49A4-B936-1F0E50A753D6}.Debug|x64.ActiveCfg = Debug|x64
		{4E9DABC6-99F7-49A4-B936-1F0E50A753D6}.Debug|x64.Build.0 = Debug|x64
		{4E9DABC6-99F7-49A4-B936-1F0E50A753D6}.Debug|x86.ActiveCfg = Debug|Win32
		{4E9DABC6-99F7-49A4-B936-1F0E50A753D6}.Debug|x86.Build.0 = Debug|Win32
		{4E9DABC6-99F7-49A4-B936-1F0E50A753D6}.Release|x64.ActiveCfg = Release|x64
		{4E9DABC6-99F7-49A4-B936-1F0E50A753D6}.Release|x64.Build.0 = Release|x64
		{4E9DABC6-99F7-49A4-B936-1F0E50A753D6}.Release|x86.ActiveCfg = Release|Win32
		{4E9DABC6-99F7-49A4-B936-1F0E50A753D6}.Release|x86.Build.0 = Release|Win32
	EndGlobalSection
	GlobalSection(SolutionProperties) = preSolution
		HideSolutionNode = FALSE
	EndGlobalSection
	GlobalSection(ExtensibilityGlobals) = postSolution
		SolutionGuid = {029A8F6A-138B-4E27-9A4D-4428844C4258}
	EndGlobalSection
EndGlobal
